
Microsoft Visual Studio Solution File, Format Version 12.00
# Visual Studio Version 17
VisualStudioVersion = 17.8.34330.188
MinimumVisualStudioVersion = 10.0.40219.1
Project("{FAE04EC0-301F-11D3-BF4B-00C04F79EFBC}") = "TestRail", "TestRail.csproj", "{68352446-2603-41C2-817D-044AC42FE99F}"
EndProject
Global
	GlobalSection(SolutionConfigurationPlatforms) = preSolution
		Debug|Any CPU = Debug|Any CPU
		Release|Any CPU = Release|Any CPU
	EndGlobalSection
	GlobalSection(ProjectConfigurationPlatforms) = postSolution
		{68352446-2603-41C2-817D-044AC42FE99F}.Debug|Any CPU.ActiveCfg = Debug|Any CPU
		{68352446-2603-41C2-817D-044AC42FE99F}.Debug|Any CPU.Build.0 = Debug|Any CPU
		{68352446-2603-41C2-817D-044AC42FE99F}.Release|Any CPU.ActiveCfg = Release|Any CPU
		{68352446-2603-41C2-817D-044AC42FE99F}.Release|Any CPU.Build.0 = Release|Any CPU
	EndGlobalSection
	GlobalSection(SolutionProperties) = preSolution
		HideSolutionNode = FALSE
	EndGlobalSection
	GlobalSection(ExtensibilityGlobals) = postSolution
		SolutionGuid = {C1971C48-6876-4C7C-9C6F-1A0C341769B0}
	EndGlobalSection
EndGlobal
